// !$*UTF8*$!
{
	archiveVersion = 1;
	classes = {
	};
	objectVersion = 46;
	objects = {

/* Begin PBXBuildFile section */
		FF0D42421474237600340287 /* IRWMFRecord.h in Headers */ = {isa = PBXBuildFile; fileRef = FF0D42401474237600340287 /* IRWMFRecord.h */; };
		FF0D42431474237600340287 /* IRWMFRecord.m in Sources */ = {isa = PBXBuildFile; fileRef = FF0D42411474237600340287 /* IRWMFRecord.m */; };
		FF0D42471474237E00340287 /* IRWMFObject.h in Headers */ = {isa = PBXBuildFile; fileRef = FF0D42451474237E00340287 /* IRWMFObject.h */; };
		FF0D42481474237E00340287 /* IRWMFObject.m in Sources */ = {isa = PBXBuildFile; fileRef = FF0D42461474237E00340287 /* IRWMFObject.m */; };
		FF0D424B1474238500340287 /* IRWMFDecoder.h in Headers */ = {isa = PBXBuildFile; fileRef = FF0D42491474238500340287 /* IRWMFDecoder.h */; };
		FF0D424C1474238500340287 /* IRWMFDecoder.m in Sources */ = {isa = PBXBuildFile; fileRef = FF0D424A1474238500340287 /* IRWMFDecoder.m */; };
		FF0D424E147432A100340287 /* IRWMFDecoding.h in Headers */ = {isa = PBXBuildFile; fileRef = FF0D424D147432A100340287 /* IRWMFDecoding.h */; };
		FF0D42501474364E00340287 /* IRWMFDefines.h in Headers */ = {isa = PBXBuildFile; fileRef = FF0D424F1474364E00340287 /* IRWMFDefines.h */; };
		FF5C88E41477DDE500D794AB /* SenTestingKit.framework in Frameworks */ = {isa = PBXBuildFile; fileRef = FF5C88E31477DDE500D794AB /* SenTestingKit.framework */; };
		FF5C88E61477DDE500D794AB /* UIKit.framework in Frameworks */ = {isa = PBXBuildFile; fileRef = FF5C88E51477DDE500D794AB /* UIKit.framework */; };
		FF5C88E71477DDE500D794AB /* Foundation.framework in Frameworks */ = {isa = PBXBuildFile; fileRef = FFAE51D0147055C00006BA76 /* Foundation.framework */; };
		FF5C88ED1477DDE500D794AB /* InfoPlist.strings in Resources */ = {isa = PBXBuildFile; fileRef = FF5C88EB1477DDE500D794AB /* InfoPlist.strings */; };
		FF5C88F01477DDE500D794AB /* IRWMFKitTest.m in Sources */ = {isa = PBXBuildFile; fileRef = FF5C88EF1477DDE500D794AB /* IRWMFKitTest.m */; };
		FF5C88F8147816B600D794AB /* libIRWMFKit.a in Frameworks */ = {isa = PBXBuildFile; fileRef = FFAE51CD147055C00006BA76 /* libIRWMFKit.a */; };
		FF5C89491478183B00D794AB /* IRWMFKitTest-Word-RTF-Embedded.wmf in Resources */ = {isa = PBXBuildFile; fileRef = FF5C89481478183B00D794AB /* IRWMFKitTest-Word-RTF-Embedded.wmf */; };
		FFAE51D1147055C00006BA76 /* Foundation.framework in Frameworks */ = {isa = PBXBuildFile; fileRef = FFAE51D0147055C00006BA76 /* Foundation.framework */; };
		FFAE51D7147055C00006BA76 /* IRWMFKit.m in Sources */ = {isa = PBXBuildFile; fileRef = FFAE51D6147055C00006BA76 /* IRWMFKit.m */; };
		FFAE51E2147055FA0006BA76 /* IRWMFDocument.h in Headers */ = {isa = PBXBuildFile; fileRef = FFAE51E0147055FA0006BA76 /* IRWMFDocument.h */; };
		FFAE51E3147055FA0006BA76 /* IRWMFDocument.m in Sources */ = {isa = PBXBuildFile; fileRef = FFAE51E1147055FA0006BA76 /* IRWMFDocument.m */; };
/* End PBXBuildFile section */

/* Begin PBXContainerItemProxy section */
		FF5C88F6147816AE00D794AB /* PBXContainerItemProxy */ = {
			isa = PBXContainerItemProxy;
			containerPortal = FFAE51C4147055C00006BA76 /* Project object */;
			proxyType = 1;
			remoteGlobalIDString = FFAE51CC147055C00006BA76;
			remoteInfo = IRWMFKit;
		};
/* End PBXContainerItemProxy section */

/* Begin PBXFileReference section */
		FF0D42401474237600340287 /* IRWMFRecord.h */ = {isa = PBXFileReference; fileEncoding = 4; lastKnownFileType = sourcecode.c.h; path = IRWMFRecord.h; sourceTree = "<group>"; };
		FF0D42411474237600340287 /* IRWMFRecord.m */ = {isa = PBXFileReference; fileEncoding = 4; lastKnownFileType = sourcecode.c.objc; path = IRWMFRecord.m; sourceTree = "<group>"; };
		FF0D42451474237E00340287 /* IRWMFObject.h */ = {isa = PBXFileReference; fileEncoding = 4; lastKnownFileType = sourcecode.c.h; path = IRWMFObject.h; sourceTree = "<group>"; };
		FF0D42461474237E00340287 /* IRWMFObject.m */ = {isa = PBXFileReference; fileEncoding = 4; lastKnownFileType = sourcecode.c.objc; path = IRWMFObject.m; sourceTree = "<group>"; };
		FF0D42491474238500340287 /* IRWMFDecoder.h */ = {isa = PBXFileReference; fileEncoding = 4; lastKnownFileType = sourcecode.c.h; path = IRWMFDecoder.h; sourceTree = "<group>"; };
		FF0D424A1474238500340287 /* IRWMFDecoder.m */ = {isa = PBXFileReference; fileEncoding = 4; lastKnownFileType = sourcecode.c.objc; path = IRWMFDecoder.m; sourceTree = "<group>"; };
		FF0D424D147432A100340287 /* IRWMFDecoding.h */ = {isa = PBXFileReference; fileEncoding = 4; lastKnownFileType = sourcecode.c.h; path = IRWMFDecoding.h; sourceTree = "<group>"; };
		FF0D424F1474364E00340287 /* IRWMFDefines.h */ = {isa = PBXFileReference; fileEncoding = 4; lastKnownFileType = sourcecode.c.h; path = IRWMFDefines.h; sourceTree = "<group>"; };
		FF5C88E21477DDE500D794AB /* IRWMFKitTest.octest */ = {isa = PBXFileReference; explicitFileType = wrapper.cfbundle; includeInIndex = 0; path = IRWMFKitTest.octest; sourceTree = BUILT_PRODUCTS_DIR; };
		FF5C88E31477DDE500D794AB /* SenTestingKit.framework */ = {isa = PBXFileReference; lastKnownFileType = wrapper.framework; name = SenTestingKit.framework; path = Library/Frameworks/SenTestingKit.framework; sourceTree = DEVELOPER_DIR; };
		FF5C88E51477DDE500D794AB /* UIKit.framework */ = {isa = PBXFileReference; lastKnownFileType = wrapper.framework; name = UIKit.framework; path = Library/Frameworks/UIKit.framework; sourceTree = DEVELOPER_DIR; };
		FF5C88EA1477DDE500D794AB /* IRWMFKitTest-Info.plist */ = {isa = PBXFileReference; lastKnownFileType = text.plist.xml; path = "IRWMFKitTest-Info.plist"; sourceTree = "<group>"; };
		FF5C88EC1477DDE500D794AB /* en */ = {isa = PBXFileReference; lastKnownFileType = text.plist.strings; name = en; path = en.lproj/InfoPlist.strings; sourceTree = "<group>"; };
		FF5C88EE1477DDE500D794AB /* IRWMFKitTest.h */ = {isa = PBXFileReference; lastKnownFileType = sourcecode.c.h; path = IRWMFKitTest.h; sourceTree = "<group>"; };
		FF5C88EF1477DDE500D794AB /* IRWMFKitTest.m */ = {isa = PBXFileReference; lastKnownFileType = sourcecode.c.objc; path = IRWMFKitTest.m; sourceTree = "<group>"; };
		FF5C88F11477DDE500D794AB /* IRWMFKitTest-Prefix.pch */ = {isa = PBXFileReference; lastKnownFileType = sourcecode.c.h; path = "IRWMFKitTest-Prefix.pch"; sourceTree = "<group>"; };
		FF5C89481478183B00D794AB /* IRWMFKitTest-Word-RTF-Embedded.wmf */ = {isa = PBXFileReference; lastKnownFileType = file; path = "IRWMFKitTest-Word-RTF-Embedded.wmf"; sourceTree = "<group>"; };
		FFAE51CD147055C00006BA76 /* libIRWMFKit.a */ = {isa = PBXFileReference; explicitFileType = archive.ar; includeInIndex = 0; path = libIRWMFKit.a; sourceTree = BUILT_PRODUCTS_DIR; };
		FFAE51D0147055C00006BA76 /* Foundation.framework */ = {isa = PBXFileReference; lastKnownFileType = wrapper.framework; name = Foundation.framework; path = System/Library/Frameworks/Foundation.framework; sourceTree = SDKROOT; };
		FFAE51D4147055C00006BA76 /* IRWMFKit-Prefix.pch */ = {isa = PBXFileReference; lastKnownFileType = sourcecode.c.h; path = "IRWMFKit-Prefix.pch"; sourceTree = "<group>"; };
		FFAE51D5147055C00006BA76 /* IRWMFKit.h */ = {isa = PBXFileReference; lastKnownFileType = sourcecode.c.h; path = IRWMFKit.h; sourceTree = "<group>"; };
		FFAE51D6147055C00006BA76 /* IRWMFKit.m */ = {isa = PBXFileReference; lastKnownFileType = sourcecode.c.objc; path = IRWMFKit.m; sourceTree = "<group>"; };
		FFAE51E0147055FA0006BA76 /* IRWMFDocument.h */ = {isa = PBXFileReference; fileEncoding = 4; lastKnownFileType = sourcecode.c.h; path = IRWMFDocument.h; sourceTree = "<group>"; };
		FFAE51E1147055FA0006BA76 /* IRWMFDocument.m */ = {isa = PBXFileReference; fileEncoding = 4; lastKnownFileType = sourcecode.c.objc; path = IRWMFDocument.m; sourceTree = "<group>"; };
/* End PBXFileReference section */

/* Begin PBXFrameworksBuildPhase section */
		FF5C88DE1477DDE500D794AB /* Frameworks */ = {
			isa = PBXFrameworksBuildPhase;
			buildActionMask = 2147483647;
			files = (
				FF5C88F8147816B600D794AB /* libIRWMFKit.a in Frameworks */,
				FF5C88E41477DDE500D794AB /* SenTestingKit.framework in Frameworks */,
				FF5C88E61477DDE500D794AB /* UIKit.framework in Frameworks */,
				FF5C88E71477DDE500D794AB /* Foundation.framework in Frameworks */,
			);
			runOnlyForDeploymentPostprocessing = 0;
		};
		FFAE51CA147055C00006BA76 /* Frameworks */ = {
			isa = PBXFrameworksBuildPhase;
			buildActionMask = 2147483647;
			files = (
				FFAE51D1147055C00006BA76 /* Foundation.framework in Frameworks */,
			);
			runOnlyForDeploymentPostprocessing = 0;
		};
/* End PBXFrameworksBuildPhase section */

/* Begin PBXGroup section */
		FF5C88E81477DDE500D794AB /* IRWMFKitTest */ = {
			isa = PBXGroup;
			children = (
				FF5C88EE1477DDE500D794AB /* IRWMFKitTest.h */,
				FF5C88EF1477DDE500D794AB /* IRWMFKitTest.m */,
				FF5C88E91477DDE500D794AB /* Supporting Files */,
			);
			path = IRWMFKitTest;
			sourceTree = "<group>";
		};
		FF5C88E91477DDE500D794AB /* Supporting Files */ = {
			isa = PBXGroup;
			children = (
				FF5C89481478183B00D794AB /* IRWMFKitTest-Word-RTF-Embedded.wmf */,
				FF5C88EA1477DDE500D794AB /* IRWMFKitTest-Info.plist */,
				FF5C88EB1477DDE500D794AB /* InfoPlist.strings */,
				FF5C88F11477DDE500D794AB /* IRWMFKitTest-Prefix.pch */,
			);
			name = "Supporting Files";
			sourceTree = "<group>";
		};
		FFAE51C2147055C00006BA76 = {
			isa = PBXGroup;
			children = (
				FFAE51D2147055C00006BA76 /* IRWMFKit */,
				FF5C88E81477DDE500D794AB /* IRWMFKitTest */,
				FFAE51CF147055C00006BA76 /* Frameworks */,
				FFAE51CE147055C00006BA76 /* Products */,
			);
			sourceTree = "<group>";
		};
		FFAE51CE147055C00006BA76 /* Products */ = {
			isa = PBXGroup;
			children = (
				FFAE51CD147055C00006BA76 /* libIRWMFKit.a */,
				FF5C88E21477DDE500D794AB /* IRWMFKitTest.octest */,
			);
			name = Products;
			sourceTree = "<group>";
		};
		FFAE51CF147055C00006BA76 /* Frameworks */ = {
			isa = PBXGroup;
			children = (
				FFAE51D0147055C00006BA76 /* Foundation.framework */,
				FF5C88E31477DDE500D794AB /* SenTestingKit.framework */,
				FF5C88E51477DDE500D794AB /* UIKit.framework */,
			);
			name = Frameworks;
			sourceTree = "<group>";
		};
		FFAE51D2147055C00006BA76 /* IRWMFKit */ = {
			isa = PBXGroup;
			children = (
				FFAE51D5147055C00006BA76 /* IRWMFKit.h */,
				FFAE51D6147055C00006BA76 /* IRWMFKit.m */,
				FFAE51E0147055FA0006BA76 /* IRWMFDocument.h */,
				FFAE51E1147055FA0006BA76 /* IRWMFDocument.m */,
				FF0D424D147432A100340287 /* IRWMFDecoding.h */,
				FF0D42401474237600340287 /* IRWMFRecord.h */,
				FF0D42411474237600340287 /* IRWMFRecord.m */,
				FF0D42451474237E00340287 /* IRWMFObject.h */,
				FF0D42461474237E00340287 /* IRWMFObject.m */,
				FF0D42491474238500340287 /* IRWMFDecoder.h */,
				FF0D424A1474238500340287 /* IRWMFDecoder.m */,
				FF0D424F1474364E00340287 /* IRWMFDefines.h */,
				FFAE51D3147055C00006BA76 /* Supporting Files */,
			);
			path = IRWMFKit;
			sourceTree = "<group>";
		};
		FFAE51D3147055C00006BA76 /* Supporting Files */ = {
			isa = PBXGroup;
			children = (
				FFAE51D4147055C00006BA76 /* IRWMFKit-Prefix.pch */,
			);
			name = "Supporting Files";
			sourceTree = "<group>";
		};
/* End PBXGroup section */

/* Begin PBXHeadersBuildPhase section */
		FFAE51CB147055C00006BA76 /* Headers */ = {
			isa = PBXHeadersBuildPhase;
			buildActionMask = 2147483647;
			files = (
				FFAE51E2147055FA0006BA76 /* IRWMFDocument.h in Headers */,
				FF0D42421474237600340287 /* IRWMFRecord.h in Headers */,
				FF0D42471474237E00340287 /* IRWMFObject.h in Headers */,
				FF0D424B1474238500340287 /* IRWMFDecoder.h in Headers */,
				FF0D424E147432A100340287 /* IRWMFDecoding.h in Headers */,
				FF0D42501474364E00340287 /* IRWMFDefines.h in Headers */,
			);
			runOnlyForDeploymentPostprocessing = 0;
		};
/* End PBXHeadersBuildPhase section */

/* Begin PBXNativeTarget section */
		FF5C88E11477DDE500D794AB /* IRWMFKitTest */ = {
			isa = PBXNativeTarget;
			buildConfigurationList = FF5C88F41477DDE500D794AB /* Build configuration list for PBXNativeTarget "IRWMFKitTest" */;
			buildPhases = (
				FF5C88DD1477DDE500D794AB /* Sources */,
				FF5C88DE1477DDE500D794AB /* Frameworks */,
				FF5C88DF1477DDE500D794AB /* Resources */,
				FF5C88E01477DDE500D794AB /* ShellScript */,
			);
			buildRules = (
			);
			dependencies = (
				FF5C88F7147816AE00D794AB /* PBXTargetDependency */,
			);
			name = IRWMFKitTest;
			productName = IRWMFKitTest;
			productReference = FF5C88E21477DDE500D794AB /* IRWMFKitTest.octest */;
			productType = "com.apple.product-type.bundle";
		};
		FFAE51CC147055C00006BA76 /* IRWMFKit */ = {
			isa = PBXNativeTarget;
			buildConfigurationList = FFAE51DA147055C00006BA76 /* Build configuration list for PBXNativeTarget "IRWMFKit" */;
			buildPhases = (
				FFAE51C9147055C00006BA76 /* Sources */,
				FFAE51CA147055C00006BA76 /* Frameworks */,
				FFAE51CB147055C00006BA76 /* Headers */,
			);
			buildRules = (
			);
			dependencies = (
			);
			name = IRWMFKit;
			productName = IRWMFKit;
			productReference = FFAE51CD147055C00006BA76 /* libIRWMFKit.a */;
			productType = "com.apple.product-type.library.static";
		};
/* End PBXNativeTarget section */

/* Begin PBXProject section */
		FFAE51C4147055C00006BA76 /* Project object */ = {
			isa = PBXProject;
			attributes = {
				ORGANIZATIONNAME = "Iridia Productions";
			};
			buildConfigurationList = FFAE51C7147055C00006BA76 /* Build configuration list for PBXProject "IRWMFKit" */;
			compatibilityVersion = "Xcode 3.2";
			developmentRegion = English;
			hasScannedForEncodings = 0;
			knownRegions = (
				en,
			);
			mainGroup = FFAE51C2147055C00006BA76;
			productRefGroup = FFAE51CE147055C00006BA76 /* Products */;
			projectDirPath = "";
			projectRoot = "";
			targets = (
				FFAE51CC147055C00006BA76 /* IRWMFKit */,
				FF5C88E11477DDE500D794AB /* IRWMFKitTest */,
			);
		};
/* End PBXProject section */

/* Begin PBXResourcesBuildPhase section */
		FF5C88DF1477DDE500D794AB /* Resources */ = {
			isa = PBXResourcesBuildPhase;
			buildActionMask = 2147483647;
			files = (
				FF5C88ED1477DDE500D794AB /* InfoPlist.strings in Resources */,
				FF5C89491478183B00D794AB /* IRWMFKitTest-Word-RTF-Embedded.wmf in Resources */,
			);
			runOnlyForDeploymentPostprocessing = 0;
		};
/* End PBXResourcesBuildPhase section */

/* Begin PBXShellScriptBuildPhase section */
		FF5C88E01477DDE500D794AB /* ShellScript */ = {
			isa = PBXShellScriptBuildPhase;
			buildActionMask = 2147483647;
			files = (
			);
			inputPaths = (
			);
			outputPaths = (
			);
			runOnlyForDeploymentPostprocessing = 0;
			shellPath = /bin/sh;
			shellScript = "# Run the unit tests in this test bundle.\n\"${SYSTEM_DEVELOPER_DIR}/Tools/RunUnitTests\"\n";
		};
/* End PBXShellScriptBuildPhase section */

/* Begin PBXSourcesBuildPhase section */
		FF5C88DD1477DDE500D794AB /* Sources */ = {
			isa = PBXSourcesBuildPhase;
			buildActionMask = 2147483647;
			files = (
				FF5C88F01477DDE500D794AB /* IRWMFKitTest.m in Sources */,
			);
			runOnlyForDeploymentPostprocessing = 0;
		};
		FFAE51C9147055C00006BA76 /* Sources */ = {
			isa = PBXSourcesBuildPhase;
			buildActionMask = 2147483647;
			files = (
				FFAE51D7147055C00006BA76 /* IRWMFKit.m in Sources */,
				FFAE51E3147055FA0006BA76 /* IRWMFDocument.m in Sources */,
				FF0D42431474237600340287 /* IRWMFRecord.m in Sources */,
				FF0D42481474237E00340287 /* IRWMFObject.m in Sources */,
				FF0D424C1474238500340287 /* IRWMFDecoder.m in Sources */,
			);
			runOnlyForDeploymentPostprocessing = 0;
		};
/* End PBXSourcesBuildPhase section */

/* Begin PBXTargetDependency section */
		FF5C88F7147816AE00D794AB /* PBXTargetDependency */ = {
			isa = PBXTargetDependency;
			target = FFAE51CC147055C00006BA76 /* IRWMFKit */;
			targetProxy = FF5C88F6147816AE00D794AB /* PBXContainerItemProxy */;
		};
/* End PBXTargetDependency section */

/* Begin PBXVariantGroup section */
		FF5C88EB1477DDE500D794AB /* InfoPlist.strings */ = {
			isa = PBXVariantGroup;
			children = (
				FF5C88EC1477DDE500D794AB /* en */,
			);
			name = InfoPlist.strings;
			sourceTree = "<group>";
		};
/* End PBXVariantGroup section */

/* Begin XCBuildConfiguration section */
		FF5C88F21477DDE500D794AB /* Debug */ = {
			isa = XCBuildConfiguration;
			buildSettings = {
				FRAMEWORK_SEARCH_PATHS = (
					"$(SDKROOT)/Developer/Library/Frameworks",
					"$(DEVELOPER_LIBRARY_DIR)/Frameworks",
				);
				GCC_PRECOMPILE_PREFIX_HEADER = YES;
				GCC_PREFIX_HEADER = "IRWMFKitTest/IRWMFKitTest-Prefix.pch";
				INFOPLIST_FILE = "IRWMFKitTest/IRWMFKitTest-Info.plist";
				PRODUCT_NAME = "$(TARGET_NAME)";
				WRAPPER_EXTENSION = octest;
			};
			name = Debug;
		};
		FF5C88F31477DDE500D794AB /* Release */ = {
			isa = XCBuildConfiguration;
			buildSettings = {
				FRAMEWORK_SEARCH_PATHS = (
					"$(SDKROOT)/Developer/Library/Frameworks",
					"$(DEVELOPER_LIBRARY_DIR)/Frameworks",
				);
				GCC_PRECOMPILE_PREFIX_HEADER = YES;
				GCC_PREFIX_HEADER = "IRWMFKitTest/IRWMFKitTest-Prefix.pch";
				INFOPLIST_FILE = "IRWMFKitTest/IRWMFKitTest-Info.plist";
				PRODUCT_NAME = "$(TARGET_NAME)";
				WRAPPER_EXTENSION = octest;
			};
			name = Release;
		};
		FFAE51D8147055C00006BA76 /* Debug */ = {
			isa = XCBuildConfiguration;
			buildSettings = {
				ALWAYS_SEARCH_USER_PATHS = NO;
				ARCHS = "$(ARCHS_STANDARD_32_BIT)";
				COPY_PHASE_STRIP = NO;
				GCC_C_LANGUAGE_STANDARD = gnu99;
				GCC_DYNAMIC_NO_PIC = NO;
				GCC_OPTIMIZATION_LEVEL = 0;
				GCC_PREPROCESSOR_DEFINITIONS = (
					"DEBUG=1",
					"$(inherited)",
				);
				GCC_SYMBOLS_PRIVATE_EXTERN = NO;
				GCC_VERSION = com.apple.compilers.llvm.clang.1_0;
				GCC_WARN_ABOUT_MISSING_PROTOTYPES = YES;
				GCC_WARN_ABOUT_RETURN_TYPE = YES;
				GCC_WARN_UNUSED_VARIABLE = YES;
				IPHONEOS_DEPLOYMENT_TARGET = 5.0;
				SDKROOT = iphoneos;
			};
			name = Debug;
		};
		FFAE51D9147055C00006BA76 /* Release */ = {
			isa = XCBuildConfiguration;
			buildSettings = {
				ALWAYS_SEARCH_USER_PATHS = NO;
				ARCHS = "$(ARCHS_STANDARD_32_BIT)";
				COPY_PHASE_STRIP = YES;
				GCC_C_LANGUAGE_STANDARD = gnu99;
				GCC_VERSION = com.apple.compilers.llvm.clang.1_0;
				GCC_WARN_ABOUT_MISSING_PROTOTYPES = YES;
				GCC_WARN_ABOUT_RETURN_TYPE = YES;
				GCC_WARN_UNUSED_VARIABLE = YES;
				IPHONEOS_DEPLOYMENT_TARGET = 5.0;
				SDKROOT = iphoneos;
				VALIDATE_PRODUCT = YES;
			};
			name = Release;
		};
		FFAE51DB147055C00006BA76 /* Debug */ = {
			isa = XCBuildConfiguration;
			buildSettings = {
				DSTROOT = /tmp/IRWMFKit.dst;
				GCC_PRECOMPILE_PREFIX_HEADER = YES;
				GCC_PREFIX_HEADER = "IRWMFKit/IRWMFKit-Prefix.pch";
				OTHER_LDFLAGS = "-ObjC";
				PRODUCT_NAME = "$(TARGET_NAME)";
				SKIP_INSTALL = YES;
			};
			name = Debug;
		};
		FFAE51DC147055C00006BA76 /* Release */ = {
			isa = XCBuildConfiguration;
			buildSettings = {
				DSTROOT = /tmp/IRWMFKit.dst;
				GCC_PRECOMPILE_PREFIX_HEADER = YES;
				GCC_PREFIX_HEADER = "IRWMFKit/IRWMFKit-Prefix.pch";
				OTHER_LDFLAGS = "-ObjC";
				PRODUCT_NAME = "$(TARGET_NAME)";
				SKIP_INSTALL = YES;
			};
			name = Release;
		};
/* End XCBuildConfiguration section */

/* Begin XCConfigurationList section */
		FF5C88F41477DDE500D794AB /* Build configuration list for PBXNativeTarget "IRWMFKitTest" */ = {
			isa = XCConfigurationList;
			buildConfigurations = (
				FF5C88F21477DDE500D794AB /* Debug */,
				FF5C88F31477DDE500D794AB /* Release */,
			);
			defaultConfigurationIsVisible = 0;
		};
		FFAE51C7147055C00006BA76 /* Build configuration list for PBXProject "IRWMFKit" */ = {
			isa = XCConfigurationList;
			buildConfigurations = (
				FFAE51D8147055C00006BA76 /* Debug */,
				FFAE51D9147055C00006BA76 /* Release */,
			);
			defaultConfigurationIsVisible = 0;
			defaultConfigurationName = Release;
		};
		FFAE51DA147055C00006BA76 /* Build configuration list for PBXNativeTarget "IRWMFKit" */ = {
			isa = XCConfigurationList;
			buildConfigurations = (
				FFAE51DB147055C00006BA76 /* Debug */,
				FFAE51DC147055C00006BA76 /* Release */,
			);
			defaultConfigurationIsVisible = 0;
			defaultConfigurationName = Release;
		};
/* End XCConfigurationList section */
	};
	rootObject = FFAE51C4147055C00006BA76 /* Project object */;
}
